// !$*UTF8*$!
{
	archiveVersion = 1;
	classes = {
	};
	objectVersion = 77;
	objects = {

/* Begin PBXBuildFile section */
		354F9DD12E4A15FA00D474B7 /* Defaults in Frameworks */ = {isa = PBXBuildFile; productRef = 354F9DD02E4A15FA00D474B7 /* Defaults */; };
		354F9DD42E4A171A00D474B7 /* KeyboardShortcuts in Frameworks */ = {isa = PBXBuildFile; productRef = 354F9DD32E4A171A00D474B7 /* KeyboardShortcuts */; };
		357B6E292E5EDB8700A37FE3 /* MediaKeyTap in Frameworks */ = {isa = PBXBuildFile; productRef = 357B6E282E5EDB8700A37FE3 /* MediaKeyTap */; };
		35D47E962E4744AF00321493 /* MediaRemote.framework in Frameworks */ = {isa = PBXBuildFile; fileRef = 35B7D65B2E3BC78500AA0142 /* MediaRemote.framework */; };
/* End PBXBuildFile section */

/* Begin PBXCopyFilesBuildPhase section */
		353D1D072E46F39D00B80F55 /* Embed Frameworks */ = {
			isa = PBXCopyFilesBuildPhase;
			buildActionMask = 2147483647;
			dstPath = "";
			dstSubfolderSpec = 10;
			files = (
			);
			name = "Embed Frameworks";
			runOnlyForDeploymentPostprocessing = 0;
		};
/* End PBXCopyFilesBuildPhase section */

/* Begin PBXFileReference section */
		35B7D65B2E3BC78500AA0142 /* MediaRemote.framework */ = {isa = PBXFileReference; lastKnownFileType = wrapper.framework; name = MediaRemote.framework; path = ../../../../../../../System/Library/PrivateFrameworks/MediaRemote.framework; sourceTree = "<group>"; };
		35C4B5982D87FD3300561BBA /* Dynamic-Notch.app */ = {isa = PBXFileReference; explicitFileType = wrapper.application; includeInIndex = 0; path = "Dynamic-Notch.app"; sourceTree = BUILT_PRODUCTS_DIR; };
/* End PBXFileReference section */

/* Begin PBXFileSystemSynchronizedBuildFileExceptionSet section */
		357A0BC62E281222005162FF /* Exceptions for "Dynamic-Notch" folder in "Dynamic-Notch" target */ = {
			isa = PBXFileSystemSynchronizedBuildFileExceptionSet;
			membershipExceptions = (
				Info.plist,
				"mediaremote/.clang-format",
				"mediaremote/.cmake-format",
				mediaremote/.gitignore,
				mediaremote/.gitmodules,
				mediaremote/.perltidyrc,
				mediaremote/.vscode/extensions.json,
				mediaremote/.vscode/settings.json,
				mediaremote/build/cmake_install.cmake,
				mediaremote/build/CMakeCache.txt,
				mediaremote/build/CMakeFiles/4.1.0/CMakeDetermineCompilerABI_OBJC.bin,
				mediaremote/build/CMakeFiles/4.1.0/CMakeOBJCCompiler.cmake,
				mediaremote/build/CMakeFiles/4.1.0/CMakeSystem.cmake,
				mediaremote/build/CMakeFiles/4.1.0/CompilerIdOBJC/a.out,
				"mediaremote/build/CMakeFiles/4.1.0/CompilerIdOBJC/apple-sdk.m",
				mediaremote/build/CMakeFiles/4.1.0/CompilerIdOBJC/CMakeOBJCCompilerId.m,
				mediaremote/build/CMakeFiles/cmake.check_cache,
				mediaremote/build/CMakeFiles/CMakeConfigureLog.yaml,
				mediaremote/build/CMakeFiles/CMakeDirectoryInformation.cmake,
				mediaremote/build/CMakeFiles/InstallScripts.json,
				mediaremote/build/CMakeFiles/Makefile.cmake,
				mediaremote/build/CMakeFiles/Makefile2,
				mediaremote/build/CMakeFiles/MediaRemoteAdapter.dir/build.make,
				mediaremote/build/CMakeFiles/MediaRemoteAdapter.dir/cmake_clean.cmake,
				mediaremote/build/CMakeFiles/MediaRemoteAdapter.dir/compiler_depend.make,
				mediaremote/build/CMakeFiles/MediaRemoteAdapter.dir/depend.make,
				mediaremote/build/CMakeFiles/MediaRemoteAdapter.dir/DependInfo.cmake,
				mediaremote/build/CMakeFiles/MediaRemoteAdapter.dir/flags.make,
				mediaremote/build/CMakeFiles/MediaRemoteAdapter.dir/link.txt,
				mediaremote/build/CMakeFiles/MediaRemoteAdapter.dir/progress.make,
				mediaremote/build/CMakeFiles/MediaRemoteAdapter.dir/src/adapter/env.m.o,
				mediaremote/build/CMakeFiles/MediaRemoteAdapter.dir/src/adapter/env.m.o.d,
				mediaremote/build/CMakeFiles/MediaRemoteAdapter.dir/src/adapter/get.m.o,
				mediaremote/build/CMakeFiles/MediaRemoteAdapter.dir/src/adapter/get.m.o.d,
				mediaremote/build/CMakeFiles/MediaRemoteAdapter.dir/src/adapter/globals.m.o,
				mediaremote/build/CMakeFiles/MediaRemoteAdapter.dir/src/adapter/globals.m.o.d,
				mediaremote/build/CMakeFiles/MediaRemoteAdapter.dir/src/adapter/keys.m.o,
				mediaremote/build/CMakeFiles/MediaRemoteAdapter.dir/src/adapter/keys.m.o.d,
				mediaremote/build/CMakeFiles/MediaRemoteAdapter.dir/src/adapter/now_playing.m.o,
				mediaremote/build/CMakeFiles/MediaRemoteAdapter.dir/src/adapter/now_playing.m.o.d,
				mediaremote/build/CMakeFiles/MediaRemoteAdapter.dir/src/adapter/repeat.m.o,
				mediaremote/build/CMakeFiles/MediaRemoteAdapter.dir/src/adapter/repeat.m.o.d,
				mediaremote/build/CMakeFiles/MediaRemoteAdapter.dir/src/adapter/seek.m.o,
				mediaremote/build/CMakeFiles/MediaRemoteAdapter.dir/src/adapter/seek.m.o.d,
				mediaremote/build/CMakeFiles/MediaRemoteAdapter.dir/src/adapter/send.m.o,
				mediaremote/build/CMakeFiles/MediaRemoteAdapter.dir/src/adapter/send.m.o.d,
				mediaremote/build/CMakeFiles/MediaRemoteAdapter.dir/src/adapter/shuffle.m.o,
				mediaremote/build/CMakeFiles/MediaRemoteAdapter.dir/src/adapter/shuffle.m.o.d,
				mediaremote/build/CMakeFiles/MediaRemoteAdapter.dir/src/adapter/speed.m.o,
				mediaremote/build/CMakeFiles/MediaRemoteAdapter.dir/src/adapter/speed.m.o.d,
				mediaremote/build/CMakeFiles/MediaRemoteAdapter.dir/src/adapter/stream.m.o,
				mediaremote/build/CMakeFiles/MediaRemoteAdapter.dir/src/adapter/stream.m.o.d,
				mediaremote/build/CMakeFiles/MediaRemoteAdapter.dir/src/adapter/test.m.o,
				mediaremote/build/CMakeFiles/MediaRemoteAdapter.dir/src/adapter/test.m.o.d,
				mediaremote/build/CMakeFiles/MediaRemoteAdapter.dir/src/private/MediaRemote.m.o,
				mediaremote/build/CMakeFiles/MediaRemoteAdapter.dir/src/private/MediaRemote.m.o.d,
				mediaremote/build/CMakeFiles/MediaRemoteAdapter.dir/src/utility/Debounce.m.o,
				mediaremote/build/CMakeFiles/MediaRemoteAdapter.dir/src/utility/Debounce.m.o.d,
				mediaremote/build/CMakeFiles/MediaRemoteAdapter.dir/src/utility/helpers.m.o,
				mediaremote/build/CMakeFiles/MediaRemoteAdapter.dir/src/utility/helpers.m.o.d,
				mediaremote/build/CMakeFiles/progress.marks,
				mediaremote/build/CMakeFiles/TargetDirectories.txt,
				mediaremote/build/Makefile,
				mediaremote/CMakeLists.txt,
				mediaremote/LICENSE,
				mediaremote/Makefile,
				mediaremote/README.md,
				"mediaremote/scripts/update-readme-badges.py",
				mediaremote/src/adapter/env.m,
				mediaremote/src/adapter/get.m,
				mediaremote/src/adapter/globals.m,
				mediaremote/src/adapter/keys.m,
				mediaremote/src/adapter/now_playing.m,
				mediaremote/src/adapter/repeat.m,
				mediaremote/src/adapter/seek.m,
				mediaremote/src/adapter/send.m,
				mediaremote/src/adapter/shuffle.m,
				mediaremote/src/adapter/speed.m,
				mediaremote/src/adapter/stream.m,
				mediaremote/src/adapter/test.m,
				mediaremote/src/private/MediaRemote.m,
				mediaremote/src/utility/Debounce.m,
				mediaremote/src/utility/helpers.m,
			);
			target = 35C4B5972D87FD3300561BBA /* Dynamic-Notch */;
		};
/* End PBXFileSystemSynchronizedBuildFileExceptionSet section */

/* Begin PBXFileSystemSynchronizedGroupBuildPhaseMembershipExceptionSet section */
		3574ACDC2E48EDEF00E4920A /* Exceptions for "Dynamic-Notch" folder in "Embed Frameworks" phase from "Dynamic-Notch" target */ = {
			isa = PBXFileSystemSynchronizedGroupBuildPhaseMembershipExceptionSet;
			attributesByRelativePath = {
				mediaremote/build/MediaRemoteAdapter.framework = (CodeSignOnCopy, RemoveHeadersOnCopy, );
			};
			buildPhase = 353D1D072E46F39D00B80F55 /* Embed Frameworks */;
			membershipExceptions = (
				mediaremote/build/MediaRemoteAdapter.framework,
			);
		};
/* End PBXFileSystemSynchronizedGroupBuildPhaseMembershipExceptionSet section */

/* Begin PBXFileSystemSynchronizedRootGroup section */
		35C4B59A2D87FD3300561BBA /* Dynamic-Notch */ = {
			isa = PBXFileSystemSynchronizedRootGroup;
			exceptions = (
				357A0BC62E281222005162FF /* Exceptions for "Dynamic-Notch" folder in "Dynamic-Notch" target */,
				3574ACDC2E48EDEF00E4920A /* Exceptions for "Dynamic-Notch" folder in "Embed Frameworks" phase from "Dynamic-Notch" target */,
			);
			path = "Dynamic-Notch";
			sourceTree = "<group>";
		};
/* End PBXFileSystemSynchronizedRootGroup section */

/* Begin PBXFrameworksBuildPhase section */
		35C4B5952D87FD3300561BBA /* Frameworks */ = {
			isa = PBXFrameworksBuildPhase;
			buildActionMask = 2147483647;
			files = (
				354F9DD12E4A15FA00D474B7 /* Defaults in Frameworks */,
				357B6E292E5EDB8700A37FE3 /* MediaKeyTap in Frameworks */,
				354F9DD42E4A171A00D474B7 /* KeyboardShortcuts in Frameworks */,
				35D47E962E4744AF00321493 /* MediaRemote.framework in Frameworks */,
			);
			runOnlyForDeploymentPostprocessing = 0;
		};
/* End PBXFrameworksBuildPhase section */

/* Begin PBXGroup section */
		35B7D65A2E3BC78400AA0142 /* Frameworks */ = {
			isa = PBXGroup;
			children = (
				35B7D65B2E3BC78500AA0142 /* MediaRemote.framework */,
			);
			name = Frameworks;
			sourceTree = "<group>";
		};
		35C4B58F2D87FD3300561BBA = {
			isa = PBXGroup;
			children = (
				35C4B59A2D87FD3300561BBA /* Dynamic-Notch */,
				35B7D65A2E3BC78400AA0142 /* Frameworks */,
				35C4B5992D87FD3300561BBA /* Products */,
			);
			sourceTree = "<group>";
		};
		35C4B5992D87FD3300561BBA /* Products */ = {
			isa = PBXGroup;
			children = (
				35C4B5982D87FD3300561BBA /* Dynamic-Notch.app */,
			);
			name = Products;
			sourceTree = "<group>";
		};
/* End PBXGroup section */

/* Begin PBXNativeTarget section */
		35C4B5972D87FD3300561BBA /* Dynamic-Notch */ = {
			isa = PBXNativeTarget;
			buildConfigurationList = 35C4B5A72D87FD3400561BBA /* Build configuration list for PBXNativeTarget "Dynamic-Notch" */;
			buildPhases = (
				35C4B5942D87FD3300561BBA /* Sources */,
				35C4B5952D87FD3300561BBA /* Frameworks */,
				35C4B5962D87FD3300561BBA /* Resources */,
				353D1D072E46F39D00B80F55 /* Embed Frameworks */,
			);
			buildRules = (
			);
			dependencies = (
			);
			fileSystemSynchronizedGroups = (
				35C4B59A2D87FD3300561BBA /* Dynamic-Notch */,
			);
			name = "Dynamic-Notch";
			packageProductDependencies = (
				354F9DD02E4A15FA00D474B7 /* Defaults */,
				354F9DD32E4A171A00D474B7 /* KeyboardShortcuts */,
				357B6E282E5EDB8700A37FE3 /* MediaKeyTap */,
			);
			productName = "Dynamic-Notch";
			productReference = 35C4B5982D87FD3300561BBA /* Dynamic-Notch.app */;
			productType = "com.apple.product-type.application";
		};
/* End PBXNativeTarget section */

/* Begin PBXProject section */
		35C4B5902D87FD3300561BBA /* Project object */ = {
			isa = PBXProject;
			attributes = {
				BuildIndependentTargetsInParallel = 1;
				LastSwiftUpdateCheck = 1620;
				LastUpgradeCheck = 2600;
				TargetAttributes = {
					35C4B5972D87FD3300561BBA = {
						CreatedOnToolsVersion = 16.2;
					};
				};
			};
			buildConfigurationList = 35C4B5932D87FD3300561BBA /* Build configuration list for PBXProject "Dynamic-Notch" */;
			developmentRegion = en;
			hasScannedForEncodings = 0;
			knownRegions = (
				en,
				Base,
			);
			mainGroup = 35C4B58F2D87FD3300561BBA;
			minimizedProjectReferenceProxies = 1;
			packageReferences = (
				354F9DCF2E4A15FA00D474B7 /* XCRemoteSwiftPackageReference "Defaults" */,
				354F9DD22E4A171A00D474B7 /* XCRemoteSwiftPackageReference "KeyboardShortcuts" */,
				357B6E272E5EDB8700A37FE3 /* XCRemoteSwiftPackageReference "MediaKeyTap" */,
			);
			preferredProjectObjectVersion = 77;
			productRefGroup = 35C4B5992D87FD3300561BBA /* Products */;
			projectDirPath = "";
			projectRoot = "";
			targets = (
				35C4B5972D87FD3300561BBA /* Dynamic-Notch */,
			);
		};
/* End PBXProject section */

/* Begin PBXResourcesBuildPhase section */
		35C4B5962D87FD3300561BBA /* Resources */ = {
			isa = PBXResourcesBuildPhase;
			buildActionMask = 2147483647;
			files = (
			);
			runOnlyForDeploymentPostprocessing = 0;
		};
/* End PBXResourcesBuildPhase section */

/* Begin PBXSourcesBuildPhase section */
		35C4B5942D87FD3300561BBA /* Sources */ = {
			isa = PBXSourcesBuildPhase;
			buildActionMask = 2147483647;
			files = (
			);
			runOnlyForDeploymentPostprocessing = 0;
		};
/* End PBXSourcesBuildPhase section */

/* Begin XCBuildConfiguration section */
		35C4B5A52D87FD3400561BBA /* Debug */ = {
			isa = XCBuildConfiguration;
			buildSettings = {
				ALWAYS_SEARCH_USER_PATHS = NO;
				ASSETCATALOG_COMPILER_GENERATE_SWIFT_ASSET_SYMBOL_EXTENSIONS = YES;
				CLANG_ANALYZER_NONNULL = YES;
				CLANG_ANALYZER_NUMBER_OBJECT_CONVERSION = YES_AGGRESSIVE;
				CLANG_CXX_LANGUAGE_STANDARD = "gnu++20";
				CLANG_ENABLE_MODULES = YES;
				CLANG_ENABLE_OBJC_ARC = YES;
				CLANG_ENABLE_OBJC_WEAK = YES;
				CLANG_WARN_BLOCK_CAPTURE_AUTORELEASING = YES;
				CLANG_WARN_BOOL_CONVERSION = YES;
				CLANG_WARN_COMMA = YES;
				CLANG_WARN_CONSTANT_CONVERSION = YES;
				CLANG_WARN_DEPRECATED_OBJC_IMPLEMENTATIONS = YES;
				CLANG_WARN_DIRECT_OBJC_ISA_USAGE = YES_ERROR;
				CLANG_WARN_DOCUMENTATION_COMMENTS = YES;
				CLANG_WARN_EMPTY_BODY = YES;
				CLANG_WARN_ENUM_CONVERSION = YES;
				CLANG_WARN_INFINITE_RECURSION = YES;
				CLANG_WARN_INT_CONVERSION = YES;
				CLANG_WARN_NON_LITERAL_NULL_CONVERSION = YES;
				CLANG_WARN_OBJC_IMPLICIT_RETAIN_SELF = YES;
				CLANG_WARN_OBJC_LITERAL_CONVERSION = YES;
				CLANG_WARN_OBJC_ROOT_CLASS = YES_ERROR;
				CLANG_WARN_QUOTED_INCLUDE_IN_FRAMEWORK_HEADER = YES;
				CLANG_WARN_RANGE_LOOP_ANALYSIS = YES;
				CLANG_WARN_STRICT_PROTOTYPES = YES;
				CLANG_WARN_SUSPICIOUS_MOVE = YES;
				CLANG_WARN_UNGUARDED_AVAILABILITY = YES_AGGRESSIVE;
				CLANG_WARN_UNREACHABLE_CODE = YES;
				CLANG_WARN__DUPLICATE_METHOD_MATCH = YES;
				"CODE_SIGN_IDENTITY[sdk=*]" = "Apple Development";
				CODE_SIGN_STYLE = Automatic;
				"CODE_SIGN_STYLE[sdk=*]" = Automatic;
				COPY_PHASE_STRIP = NO;
				DEAD_CODE_STRIPPING = YES;
				DEBUG_INFORMATION_FORMAT = dwarf;
				DEVELOPMENT_TEAM = VG34R6W9G2;
				ENABLE_INCOMING_NETWORK_CONNECTIONS = NO;
				ENABLE_OUTGOING_NETWORK_CONNECTIONS = NO;
				ENABLE_STRICT_OBJC_MSGSEND = YES;
				ENABLE_TESTABILITY = YES;
				ENABLE_USER_SCRIPT_SANDBOXING = YES;
				ENABLE_USER_SELECTED_FILES = "";
				EXCLUDED_ARCHS = "";
				GCC_C_LANGUAGE_STANDARD = gnu17;
				GCC_DYNAMIC_NO_PIC = NO;
				GCC_NO_COMMON_BLOCKS = YES;
				GCC_OPTIMIZATION_LEVEL = 0;
				GCC_PREPROCESSOR_DEFINITIONS = (
					"DEBUG=1",
					"$(inherited)",
				);
				GCC_WARN_64_TO_32_BIT_CONVERSION = YES;
				GCC_WARN_ABOUT_RETURN_TYPE = YES_ERROR;
				GCC_WARN_UNDECLARED_SELECTOR = YES;
				GCC_WARN_UNINITIALIZED_AUTOS = YES_AGGRESSIVE;
				GCC_WARN_UNUSED_FUNCTION = YES;
				GCC_WARN_UNUSED_VARIABLE = YES;
				IPHONEOS_DEPLOYMENT_TARGET = "";
				LOCALIZATION_PREFERS_STRING_CATALOGS = YES;
				MACOSX_DEPLOYMENT_TARGET = 14.0;
				MTL_ENABLE_DEBUG_INFO = INCLUDE_SOURCE;
				MTL_FAST_MATH = YES;
				ONLY_ACTIVE_ARCH = YES;
				SDKROOT = macosx;
				SWIFT_ACTIVE_COMPILATION_CONDITIONS = "DEBUG $(inherited)";
				SWIFT_COMPILATION_MODE = singlefile;
				SWIFT_INSTALL_OBJC_HEADER = YES;
				SWIFT_OPTIMIZATION_LEVEL = "-Onone";
				SWIFT_SKIP_AUTOLINKING_ALL_FRAMEWORKS = NO;
				SWIFT_STRICT_CONCURRENCY = targeted;
				SWIFT_VERSION = 5.0;
			};
			name = Debug;
		};
		35C4B5A62D87FD3400561BBA /* Release */ = {
			isa = XCBuildConfiguration;
			buildSettings = {
				ALWAYS_SEARCH_USER_PATHS = NO;
				ASSETCATALOG_COMPILER_GENERATE_SWIFT_ASSET_SYMBOL_EXTENSIONS = YES;
				CLANG_ANALYZER_NONNULL = YES;
				CLANG_ANALYZER_NUMBER_OBJECT_CONVERSION = YES_AGGRESSIVE;
				CLANG_CXX_LANGUAGE_STANDARD = "gnu++20";
				CLANG_ENABLE_MODULES = YES;
				CLANG_ENABLE_OBJC_ARC = YES;
				CLANG_ENABLE_OBJC_WEAK = YES;
				CLANG_WARN_BLOCK_CAPTURE_AUTORELEASING = YES;
				CLANG_WARN_BOOL_CONVERSION = YES;
				CLANG_WARN_COMMA = YES;
				CLANG_WARN_CONSTANT_CONVERSION = YES;
				CLANG_WARN_DEPRECATED_OBJC_IMPLEMENTATIONS = YES;
				CLANG_WARN_DIRECT_OBJC_ISA_USAGE = YES_ERROR;
				CLANG_WARN_DOCUMENTATION_COMMENTS = YES;
				CLANG_WARN_EMPTY_BODY = YES;
				CLANG_WARN_ENUM_CONVERSION = YES;
				CLANG_WARN_INFINITE_RECURSION = YES;
				CLANG_WARN_INT_CONVERSION = YES;
				CLANG_WARN_NON_LITERAL_NULL_CONVERSION = YES;
				CLANG_WARN_OBJC_IMPLICIT_RETAIN_SELF = YES;
				CLANG_WARN_OBJC_LITERAL_CONVERSION = YES;
				CLANG_WARN_OBJC_ROOT_CLASS = YES_ERROR;
				CLANG_WARN_QUOTED_INCLUDE_IN_FRAMEWORK_HEADER = YES;
				CLANG_WARN_RANGE_LOOP_ANALYSIS = YES;
				CLANG_WARN_STRICT_PROTOTYPES = YES;
				CLANG_WARN_SUSPICIOUS_MOVE = YES;
				CLANG_WARN_UNGUARDED_AVAILABILITY = YES_AGGRESSIVE;
				CLANG_WARN_UNREACHABLE_CODE = YES;
				CLANG_WARN__DUPLICATE_METHOD_MATCH = YES;
				CODE_SIGN_IDENTITY = "Apple Distribution";
				"CODE_SIGN_IDENTITY[sdk=*]" = "Apple Distribution";
				CODE_SIGN_STYLE = Automatic;
				COPY_PHASE_STRIP = NO;
				DEAD_CODE_STRIPPING = YES;
				DEBUG_INFORMATION_FORMAT = "dwarf-with-dsym";
				DEVELOPMENT_TEAM = VG34R6W9G2;
				ENABLE_INCOMING_NETWORK_CONNECTIONS = NO;
				ENABLE_NS_ASSERTIONS = NO;
				ENABLE_OUTGOING_NETWORK_CONNECTIONS = NO;
				ENABLE_STRICT_OBJC_MSGSEND = YES;
				ENABLE_USER_SCRIPT_SANDBOXING = YES;
				ENABLE_USER_SELECTED_FILES = "";
				EXCLUDED_ARCHS = "";
				GCC_C_LANGUAGE_STANDARD = gnu17;
				GCC_NO_COMMON_BLOCKS = YES;
				GCC_OPTIMIZATION_LEVEL = 0;
				GCC_WARN_64_TO_32_BIT_CONVERSION = YES;
				GCC_WARN_ABOUT_RETURN_TYPE = YES_ERROR;
				GCC_WARN_UNDECLARED_SELECTOR = YES;
				GCC_WARN_UNINITIALIZED_AUTOS = YES_AGGRESSIVE;
				GCC_WARN_UNUSED_FUNCTION = YES;
				GCC_WARN_UNUSED_VARIABLE = YES;
				IPHONEOS_DEPLOYMENT_TARGET = "";
				LOCALIZATION_PREFERS_STRING_CATALOGS = YES;
				MACOSX_DEPLOYMENT_TARGET = 14.0;
				MTL_ENABLE_DEBUG_INFO = NO;
				MTL_FAST_MATH = YES;
				SDKROOT = macosx;
				SWIFT_COMPILATION_MODE = singlefile;
				SWIFT_INSTALL_OBJC_HEADER = YES;
				SWIFT_OPTIMIZATION_LEVEL = "-Onone";
				SWIFT_SKIP_AUTOLINKING_ALL_FRAMEWORKS = NO;
				SWIFT_STRICT_CONCURRENCY = targeted;
				SWIFT_VERSION = 5.0;
			};
			name = Release;
		};
		35C4B5A82D87FD3400561BBA /* Debug */ = {
			isa = XCBuildConfiguration;
			buildSettings = {
				ASSETCATALOG_COMPILER_APPICON_NAME = AppIcon;
				ASSETCATALOG_COMPILER_GLOBAL_ACCENT_COLOR_NAME = AccentColor;
				ASSETCATALOG_COMPILER_INCLUDE_ALL_APPICON_ASSETS = NO;
				AUTOMATION_APPLE_EVENTS = YES;
				CODE_SIGN_ENTITLEMENTS = "Dynamic-Notch/Dynamic_Notch.entitlements";
				CODE_SIGN_IDENTITY = "Apple Development";
				"CODE_SIGN_IDENTITY[sdk=macosx*]" = "Apple Development";
				CODE_SIGN_STYLE = Automatic;
				COMBINE_HIDPI_IMAGES = YES;
				CURRENT_PROJECT_VERSION = "1 ";
				DEAD_CODE_STRIPPING = YES;
				DEVELOPMENT_ASSET_PATHS = "\"Dynamic-Notch/Preview Content\"";
				DEVELOPMENT_TEAM = VG34R6W9G2;
				ENABLE_APP_SANDBOX = NO;
				ENABLE_FILE_ACCESS_DOWNLOADS_FOLDER = "";
				ENABLE_HARDENED_RUNTIME = YES;
				ENABLE_INCOMING_NETWORK_CONNECTIONS = NO;
				ENABLE_OUTGOING_NETWORK_CONNECTIONS = NO;
				ENABLE_PREVIEWS = YES;
				ENABLE_RESOURCE_ACCESS_AUDIO_INPUT = NO;
				ENABLE_RESOURCE_ACCESS_BLUETOOTH = NO;
				ENABLE_RESOURCE_ACCESS_CALENDARS = NO;
				ENABLE_RESOURCE_ACCESS_CAMERA = NO;
				ENABLE_RESOURCE_ACCESS_CONTACTS = NO;
				ENABLE_RESOURCE_ACCESS_LOCATION = NO;
				ENABLE_RESOURCE_ACCESS_PHOTO_LIBRARY = NO;
				ENABLE_RESOURCE_ACCESS_PRINTING = NO;
				ENABLE_RESOURCE_ACCESS_USB = NO;
				ENABLE_USER_SCRIPT_SANDBOXING = YES;
				ENABLE_USER_SELECTED_FILES = "";
				FRAMEWORK_SEARCH_PATHS = (
					"$(inherited)",
					"$(SRCROOT)/",
					"$(PROJECT_DIR)/Dynamic-Notch/mediaremote/build",
				);
				GENERATE_INFOPLIST_FILE = YES;
				INFOPLIST_FILE = "Dynamic-Notch/Info.plist";
				INFOPLIST_KEY_CFBundleDisplayName = WakeUpNotch;
				INFOPLIST_KEY_LSApplicationCategoryType = "public.app-category.utilities";
				INFOPLIST_KEY_LSBackgroundOnly = YES;
				INFOPLIST_KEY_NSAppleEventsUsageDescription = "앱에서 미디어 키 이벤트를 감지하기 위해 접근성 권한이 필요합니다.";
				INFOPLIST_KEY_NSCalendarsUsageDescription = "This app uses the calendar to display your calendar events";
				INFOPLIST_KEY_NSLocationAlwaysAndWhenInUseUsageDescription = "백그라운드에서 날씨 정보를 업데이트하기 위해 위치 접근이 필요합니다.";
				INFOPLIST_KEY_NSLocationAlwaysUsageDescription = "백그라운드에서도 날씨 정보를 업데이트하기 위해 위치 접근 권한이 필요합니다.";
				INFOPLIST_KEY_NSLocationWhenInUseUsageDescription = "현재 위치의 날씨 정보를 제공하기 위해 위치 접근이 필요합니다.";
				IPHONEOS_DEPLOYMENT_TARGET = 18.0;
				LD_RUNPATH_SEARCH_PATHS = (
					"$(inherited)",
					"@executable_path/../Frameworks",
				);
				MACOSX_DEPLOYMENT_TARGET = 14.0;
				MARKETING_VERSION = 1.0;
				NSNSAppleScriptEnabled = YES;
				PRODUCT_BUNDLE_IDENTIFIER = com.peterpark.notch;
				PRODUCT_NAME = "$(TARGET_NAME)";
				PROVISIONING_PROFILE_SPECIFIER = "";
				RUNTIME_EXCEPTION_ALLOW_DYLD_ENVIRONMENT_VARIABLES = NO;
				RUNTIME_EXCEPTION_ALLOW_JIT = YES;
				RUNTIME_EXCEPTION_ALLOW_UNSIGNED_EXECUTABLE_MEMORY = YES;
				RUNTIME_EXCEPTION_DEBUGGING_TOOL = YES;
				RUNTIME_EXCEPTION_DISABLE_EXECUTABLE_PAGE_PROTECTION = YES;
				RUNTIME_EXCEPTION_DISABLE_LIBRARY_VALIDATION = YES;
				SWIFT_EMIT_LOC_STRINGS = YES;
				SWIFT_ENABLE_EXPLICIT_MODULES = "";
				SWIFT_MODULES_AUTOLINK = YES;
				SWIFT_OBJC_BRIDGING_HEADER = "";
				SWIFT_SKIP_AUTOLINKING_ALL_FRAMEWORKS = NO;
				SWIFT_VERSION = 5.0;
				SYSTEM_FRAMEWORK_SEARCH_PATHS = "$(SYSTEM_LIBRARY_DIR)/PrivateFrameworks";
			};
			name = Debug;
		};
		35C4B5A92D87FD3400561BBA /* Release */ = {
			isa = XCBuildConfiguration;
			buildSettings = {
				ASSETCATALOG_COMPILER_APPICON_NAME = AppIcon;
				ASSETCATALOG_COMPILER_GLOBAL_ACCENT_COLOR_NAME = AccentColor;
				ASSETCATALOG_COMPILER_INCLUDE_ALL_APPICON_ASSETS = NO;
				AUTOMATION_APPLE_EVENTS = YES;
				CODE_SIGN_ENTITLEMENTS = "Dynamic-Notch/Dynamic-NotchRelease.entitlements";
				CODE_SIGN_IDENTITY = "Apple Development";
				CODE_SIGN_STYLE = Automatic;
				COMBINE_HIDPI_IMAGES = YES;
				CURRENT_PROJECT_VERSION = "1 ";
				DEAD_CODE_STRIPPING = YES;
				DEVELOPMENT_ASSET_PATHS = "\"Dynamic-Notch/Preview Content\"";
				DEVELOPMENT_TEAM = VG34R6W9G2;
				ENABLE_APP_SANDBOX = NO;
				ENABLE_FILE_ACCESS_DOWNLOADS_FOLDER = "";
				ENABLE_HARDENED_RUNTIME = YES;
				ENABLE_INCOMING_NETWORK_CONNECTIONS = NO;
				ENABLE_OUTGOING_NETWORK_CONNECTIONS = NO;
				ENABLE_PREVIEWS = YES;
				ENABLE_RESOURCE_ACCESS_AUDIO_INPUT = NO;
				ENABLE_RESOURCE_ACCESS_BLUETOOTH = NO;
				ENABLE_RESOURCE_ACCESS_CALENDARS = NO;
				ENABLE_RESOURCE_ACCESS_CAMERA = NO;
				ENABLE_RESOURCE_ACCESS_CONTACTS = NO;
				ENABLE_RESOURCE_ACCESS_LOCATION = NO;
				ENABLE_RESOURCE_ACCESS_PHOTO_LIBRARY = NO;
				ENABLE_RESOURCE_ACCESS_PRINTING = NO;
				ENABLE_RESOURCE_ACCESS_USB = NO;
				ENABLE_USER_SCRIPT_SANDBOXING = YES;
				ENABLE_USER_SELECTED_FILES = "";
				FRAMEWORK_SEARCH_PATHS = (
					"$(inherited)",
					"$(SRCROOT)/",
					"$(PROJECT_DIR)/Dynamic-Notch/mediaremote/build",
				);
				GENERATE_INFOPLIST_FILE = YES;
				INFOPLIST_FILE = "Dynamic-Notch/Info.plist";
				INFOPLIST_KEY_CFBundleDisplayName = WakeUpNotch;
				INFOPLIST_KEY_LSApplicationCategoryType = "public.app-category.utilities";
				INFOPLIST_KEY_LSBackgroundOnly = YES;
				INFOPLIST_KEY_NSAppleEventsUsageDescription = "앱에서 미디어 키 이벤트를 감지하기 위해 접근성 권한이 필요합니다.";
				INFOPLIST_KEY_NSCalendarsUsageDescription = "This app uses the calendar to display your calendar events";
				INFOPLIST_KEY_NSLocationAlwaysAndWhenInUseUsageDescription = "백그라운드에서 날씨 정보를 업데이트하기 위해 위치 접근이 필요합니다.";
				INFOPLIST_KEY_NSLocationAlwaysUsageDescription = "백그라운드에서도 날씨 정보를 업데이트하기 위해 위치 접근 권한이 필요합니다.";
				INFOPLIST_KEY_NSLocationWhenInUseUsageDescription = "현재 위치의 날씨 정보를 제공하기 위해 위치 접근이 필요합니다.";
				IPHONEOS_DEPLOYMENT_TARGET = 18.0;
				LD_RUNPATH_SEARCH_PATHS = (
					"$(inherited)",
					"@executable_path/../Frameworks",
				);
				MACOSX_DEPLOYMENT_TARGET = 14.0;
				MARKETING_VERSION = 1.0;
				NSNSAppleScriptEnabled = YES;
				PRODUCT_BUNDLE_IDENTIFIER = com.peterpark.notch;
				PRODUCT_NAME = "$(TARGET_NAME)";
				PROVISIONING_PROFILE_SPECIFIER = "";
				RUNTIME_EXCEPTION_ALLOW_DYLD_ENVIRONMENT_VARIABLES = NO;
				RUNTIME_EXCEPTION_ALLOW_JIT = YES;
				RUNTIME_EXCEPTION_ALLOW_UNSIGNED_EXECUTABLE_MEMORY = YES;
				RUNTIME_EXCEPTION_DEBUGGING_TOOL = YES;
				RUNTIME_EXCEPTION_DISABLE_EXECUTABLE_PAGE_PROTECTION = YES;
				RUNTIME_EXCEPTION_DISABLE_LIBRARY_VALIDATION = YES;
				SWIFT_EMIT_LOC_STRINGS = YES;
				SWIFT_ENABLE_EXPLICIT_MODULES = "";
				SWIFT_MODULES_AUTOLINK = YES;
				SWIFT_OBJC_BRIDGING_HEADER = "";
				SWIFT_SKIP_AUTOLINKING_ALL_FRAMEWORKS = NO;
				SWIFT_VERSION = 5.0;
				SYSTEM_FRAMEWORK_SEARCH_PATHS = "$(SYSTEM_LIBRARY_DIR)/PrivateFrameworks";
			};
			name = Release;
		};
/* End XCBuildConfiguration section */

/* Begin XCConfigurationList section */
		35C4B5932D87FD3300561BBA /* Build configuration list for PBXProject "Dynamic-Notch" */ = {
			isa = XCConfigurationList;
			buildConfigurations = (
				35C4B5A52D87FD3400561BBA /* Debug */,
				35C4B5A62D87FD3400561BBA /* Release */,
			);
			defaultConfigurationIsVisible = 0;
			defaultConfigurationName = Release;
		};
		35C4B5A72D87FD3400561BBA /* Build configuration list for PBXNativeTarget "Dynamic-Notch" */ = {
			isa = XCConfigurationList;
			buildConfigurations = (
				35C4B5A82D87FD3400561BBA /* Debug */,
				35C4B5A92D87FD3400561BBA /* Release */,
			);
			defaultConfigurationIsVisible = 0;
			defaultConfigurationName = Release;
		};
/* End XCConfigurationList section */

/* Begin XCRemoteSwiftPackageReference section */
		354F9DCF2E4A15FA00D474B7 /* XCRemoteSwiftPackageReference "Defaults" */ = {
			isa = XCRemoteSwiftPackageReference;
			repositoryURL = "https://github.com/sindresorhus/Defaults.git";
			requirement = {
				kind = upToNextMajorVersion;
				minimumVersion = 9.0.3;
			};
		};
		354F9DD22E4A171A00D474B7 /* XCRemoteSwiftPackageReference "KeyboardShortcuts" */ = {
			isa = XCRemoteSwiftPackageReference;
			repositoryURL = "https://github.com/sindresorhus/KeyboardShortcuts.git";
			requirement = {
				kind = upToNextMajorVersion;
				minimumVersion = 2.3.0;
			};
		};
		357B6E272E5EDB8700A37FE3 /* XCRemoteSwiftPackageReference "MediaKeyTap" */ = {
			isa = XCRemoteSwiftPackageReference;
			repositoryURL = "https://github.com/nhurden/MediaKeyTap.git";
			requirement = {
				kind = upToNextMajorVersion;
				minimumVersion = 2.3.0;
			};
		};
/* End XCRemoteSwiftPackageReference section */

/* Begin XCSwiftPackageProductDependency section */
		354F9DD02E4A15FA00D474B7 /* Defaults */ = {
			isa = XCSwiftPackageProductDependency;
			package = 354F9DCF2E4A15FA00D474B7 /* XCRemoteSwiftPackageReference "Defaults" */;
			productName = Defaults;
		};
		354F9DD32E4A171A00D474B7 /* KeyboardShortcuts */ = {
			isa = XCSwiftPackageProductDependency;
			package = 354F9DD22E4A171A00D474B7 /* XCRemoteSwiftPackageReference "KeyboardShortcuts" */;
			productName = KeyboardShortcuts;
		};
		357B6E282E5EDB8700A37FE3 /* MediaKeyTap */ = {
			isa = XCSwiftPackageProductDependency;
			package = 357B6E272E5EDB8700A37FE3 /* XCRemoteSwiftPackageReference "MediaKeyTap" */;
			productName = MediaKeyTap;
		};
/* End XCSwiftPackageProductDependency section */
	};
	rootObject = 35C4B5902D87FD3300561BBA /* Project object */;
}
