{
  "originHash" : "3ea245c086c56179053e7829d96ef4ea5b203185c4d42e463f2c7cea2c1c71f8",
  "pins" : [
    {
      "identity" : "defaults",
      "kind" : "remoteSourceControl",
      "location" : "https://github.com/sindresorhus/Defaults",
      "state" : {
        "revision" : "cc938ecf0bed848dc80a9726ac5455104e3f9dae",
        "version" : "9.0.2"
      }
    },
    {
      "identity" : "keyboardshortcuts",
      "kind" : "remoteSourceControl",
      "location" : "https://github.com/sindresorhus/KeyboardShortcuts.git",
      "state" : {
        "revision" : "045cf174010beb335fa1d2567d18c057b8787165",
        "version" : "2.3.0"
      }
    },
    {
      "identity" : "swift-syntax",
      "kind" : "remoteSourceControl",
      "location" : "https://github.com/swiftlang/swift-syntax",
      "state" : {
        "revision" : "0687f71944021d616d34d922343dcef086855920",
        "version" : "600.0.1"
      }
    }
  ],
  "version" : 3
}
