{
  "originHash" : "dc7c42b7aedf8d28ebddb6ee417f3185e6524f8fa91e8ccb1b1dce7ae2f049c8",
  "pins" : [
    {
      "identity" : "defaults",
      "kind" : "remoteSourceControl",
      "location" : "https://github.com/sindresorhus/Defaults",
      "state" : {
        "revision" : "cc938ecf0bed848dc80a9726ac5455104e3f9dae",
        "version" : "9.0.2"
      }
    },
    {
      "identity" : "keyboardshortcuts",
      "kind" : "remoteSourceControl",
      "location" : "https://github.com/sindresorhus/KeyboardShortcuts.git",
      "state" : {
        "revision" : "045cf174010beb335fa1d2567d18c057b8787165",
        "version" : "2.3.0"
      }
    },
    {
      "identity" : "mediaremote",
      "kind" : "remoteSourceControl",
      "location" : "https://github.com/PrivateFrameworks/MediaRemote.git",
      "state" : {
        "revision" : "ee5ae0cc17c0f759049d50e6ea95e1cf718dfda5",
        "version" : "0.1.0"
      }
    },
    {
      "identity" : "protocolbuffer",
      "kind" : "remoteSourceControl",
      "location" : "https://github.com/PrivateFrameworks/ProtocolBuffer",
      "state" : {
        "revision" : "d4c569d9ce5e146e9185ebc056fdbaaf9784ec5d",
        "version" : "0.1.1"
      }
    },
    {
      "identity" : "swift-syntax",
      "kind" : "remoteSourceControl",
      "location" : "https://github.com/swiftlang/swift-syntax",
      "state" : {
        "revision" : "0687f71944021d616d34d922343dcef086855920",
        "version" : "600.0.1"
      }
    }
  ],
  "version" : 3
}
